// !$*UTF8*$!
{
	archiveVersion = 1;
	classes = {
	};
	objectVersion = 55;
	objects = {

/* Begin PBXBuildFile section */
		A6EF3FFD27B282F300ECCE9D /* CommentCardAppApp.swift in Sources */ = {isa = PBXBuildFile; fileRef = A6EF3FFC27B282F300ECCE9D /* CommentCardAppApp.swift */; };
		A6EF3FFF27B282F300ECCE9D /* ContentView.swift in Sources */ = {isa = PBXBuildFile; fileRef = A6EF3FFE27B282F300ECCE9D /* ContentView.swift */; };
		A6EF400127B282F400ECCE9D /* Assets.xcassets in Resources */ = {isa = PBXBuildFile; fileRef = A6EF400027B282F400ECCE9D /* Assets.xcassets */; };
		A6EF400427B282F400ECCE9D /* Preview Assets.xcassets in Resources */ = {isa = PBXBuildFile; fileRef = A6EF400327B282F400ECCE9D /* Preview Assets.xcassets */; };
		A6EF400E27B282F400ECCE9D /* CommentCardAppTests.swift in Sources */ = {isa = PBXBuildFile; fileRef = A6EF400D27B282F400ECCE9D /* CommentCardAppTests.swift */; };
		A6EF401827B282F400ECCE9D /* CommentCardAppUITests.swift in Sources */ = {isa = PBXBuildFile; fileRef = A6EF401727B282F400ECCE9D /* CommentCardAppUITests.swift */; };
		A6EF401A27B282F400ECCE9D /* CommentCardAppUITestsLaunchTests.swift in Sources */ = {isa = PBXBuildFile; fileRef = A6EF401927B282F400ECCE9D /* CommentCardAppUITestsLaunchTests.swift */; };
		A6EF402727B285C000ECCE9D /* Options.swift in Sources */ = {isa = PBXBuildFile; fileRef = A6EF402627B285C000ECCE9D /* Options.swift */; };
/* End PBXBuildFile section */

/* Begin PBXContainerItemProxy section */
		A6EF400A27B282F400ECCE9D /* PBXContainerItemProxy */ = {
			isa = PBXContainerItemProxy;
			containerPortal = A6EF3FF127B282F300ECCE9D /* Project object */;
			proxyType = 1;
			remoteGlobalIDString = A6EF3FF827B282F300ECCE9D;
			remoteInfo = CommentCardApp;
		};
		A6EF401427B282F400ECCE9D /* PBXContainerItemProxy */ = {
			isa = PBXContainerItemProxy;
			containerPortal = A6EF3FF127B282F300ECCE9D /* Project object */;
			proxyType = 1;
			remoteGlobalIDString = A6EF3FF827B282F300ECCE9D;
			remoteInfo = CommentCardApp;
		};
/* End PBXContainerItemProxy section */

/* Begin PBXFileReference section */
		A6EF3FF927B282F300ECCE9D /* CommentCardApp.app */ = {isa = PBXFileReference; explicitFileType = wrapper.application; includeInIndex = 0; path = CommentCardApp.app; sourceTree = BUILT_PRODUCTS_DIR; };
		A6EF3FFC27B282F300ECCE9D /* CommentCardAppApp.swift */ = {isa = PBXFileReference; lastKnownFileType = sourcecode.swift; path = CommentCardAppApp.swift; sourceTree = "<group>"; };
		A6EF3FFE27B282F300ECCE9D /* ContentView.swift */ = {isa = PBXFileReference; lastKnownFileType = sourcecode.swift; path = ContentView.swift; sourceTree = "<group>"; };
		A6EF400027B282F400ECCE9D /* Assets.xcassets */ = {isa = PBXFileReference; lastKnownFileType = folder.assetcatalog; path = Assets.xcassets; sourceTree = "<group>"; };
		A6EF400327B282F400ECCE9D /* Preview Assets.xcassets */ = {isa = PBXFileReference; lastKnownFileType = folder.assetcatalog; path = "Preview Assets.xcassets"; sourceTree = "<group>"; };
		A6EF400927B282F400ECCE9D /* CommentCardAppTests.xctest */ = {isa = PBXFileReference; explicitFileType = wrapper.cfbundle; includeInIndex = 0; path = CommentCardAppTests.xctest; sourceTree = BUILT_PRODUCTS_DIR; };
		A6EF400D27B282F400ECCE9D /* CommentCardAppTests.swift */ = {isa = PBXFileReference; lastKnownFileType = sourcecode.swift; path = CommentCardAppTests.swift; sourceTree = "<group>"; };
		A6EF401327B282F400ECCE9D /* CommentCardAppUITests.xctest */ = {isa = PBXFileReference; explicitFileType = wrapper.cfbundle; includeInIndex = 0; path = CommentCardAppUITests.xctest; sourceTree = BUILT_PRODUCTS_DIR; };
		A6EF401727B282F400ECCE9D /* CommentCardAppUITests.swift */ = {isa = PBXFileReference; lastKnownFileType = sourcecode.swift; path = CommentCardAppUITests.swift; sourceTree = "<group>"; };
		A6EF401927B282F400ECCE9D /* CommentCardAppUITestsLaunchTests.swift */ = {isa = PBXFileReference; lastKnownFileType = sourcecode.swift; path = CommentCardAppUITestsLaunchTests.swift; sourceTree = "<group>"; };
		A6EF402627B285C000ECCE9D /* Options.swift */ = {isa = PBXFileReference; lastKnownFileType = sourcecode.swift; path = Options.swift; sourceTree = "<group>"; };
/* End PBXFileReference section */

/* Begin PBXFrameworksBuildPhase section */
		A6EF3FF627B282F300ECCE9D /* Frameworks */ = {
			isa = PBXFrameworksBuildPhase;
			buildActionMask = 2147483647;
			files = (
			);
			runOnlyForDeploymentPostprocessing = 0;
		};
		A6EF400627B282F400ECCE9D /* Frameworks */ = {
			isa = PBXFrameworksBuildPhase;
			buildActionMask = 2147483647;
			files = (
			);
			runOnlyForDeploymentPostprocessing = 0;
		};
		A6EF401027B282F400ECCE9D /* Frameworks */ = {
			isa = PBXFrameworksBuildPhase;
			buildActionMask = 2147483647;
			files = (
			);
			runOnlyForDeploymentPostprocessing = 0;
		};
/* End PBXFrameworksBuildPhase section */

/* Begin PBXGroup section */
		A6EF3FF027B282F300ECCE9D = {
			isa = PBXGroup;
			children = (
				A6EF3FFB27B282F300ECCE9D /* CommentCardApp */,
				A6EF400C27B282F400ECCE9D /* CommentCardAppTests */,
				A6EF401627B282F400ECCE9D /* CommentCardAppUITests */,
				A6EF3FFA27B282F300ECCE9D /* Products */,
			);
			sourceTree = "<group>";
		};
		A6EF3FFA27B282F300ECCE9D /* Products */ = {
			isa = PBXGroup;
			children = (
				A6EF3FF927B282F300ECCE9D /* CommentCardApp.app */,
				A6EF400927B282F400ECCE9D /* CommentCardAppTests.xctest */,
				A6EF401327B282F400ECCE9D /* CommentCardAppUITests.xctest */,
			);
			name = Products;
			sourceTree = "<group>";
		};
		A6EF3FFB27B282F300ECCE9D /* CommentCardApp */ = {
			isa = PBXGroup;
			children = (
				A6EF3FFC27B282F300ECCE9D /* CommentCardAppApp.swift */,
				A6EF3FFE27B282F300ECCE9D /* ContentView.swift */,
				A6EF400027B282F400ECCE9D /* Assets.xcassets */,
				A6EF400227B282F400ECCE9D /* Preview Content */,
				A6EF402627B285C000ECCE9D /* Options.swift */,
			);
			path = CommentCardApp;
			sourceTree = "<group>";
		};
		A6EF400227B282F400ECCE9D /* Preview Content */ = {
			isa = PBXGroup;
			children = (
				A6EF400327B282F400ECCE9D /* Preview Assets.xcassets */,
			);
			path = "Preview Content";
			sourceTree = "<group>";
		};
		A6EF400C27B282F400ECCE9D /* CommentCardAppTests */ = {
			isa = PBXGroup;
			children = (
				A6EF400D27B282F400ECCE9D /* CommentCardAppTests.swift */,
			);
			path = CommentCardAppTests;
			sourceTree = "<group>";
		};
		A6EF401627B282F400ECCE9D /* CommentCardAppUITests */ = {
			isa = PBXGroup;
			children = (
				A6EF401727B282F400ECCE9D /* CommentCardAppUITests.swift */,
				A6EF401927B282F400ECCE9D /* CommentCardAppUITestsLaunchTests.swift */,
			);
			path = CommentCardAppUITests;
			sourceTree = "<group>";
		};
/* End PBXGroup section */

/* Begin PBXNativeTarget section */
		A6EF3FF827B282F300ECCE9D /* CommentCardApp */ = {
			isa = PBXNativeTarget;
			buildConfigurationList = A6EF401D27B282F400ECCE9D /* Build configuration list for PBXNativeTarget "CommentCardApp" */;
			buildPhases = (
				A6EF3FF527B282F300ECCE9D /* Sources */,
				A6EF3FF627B282F300ECCE9D /* Frameworks */,
				A6EF3FF727B282F300ECCE9D /* Resources */,
			);
			buildRules = (
			);
			dependencies = (
			);
			name = CommentCardApp;
			productName = CommentCardApp;
			productReference = A6EF3FF927B282F300ECCE9D /* CommentCardApp.app */;
			productType = "com.apple.product-type.application";
		};
		A6EF400827B282F400ECCE9D /* CommentCardAppTests */ = {
			isa = PBXNativeTarget;
			buildConfigurationList = A6EF402027B282F400ECCE9D /* Build configuration list for PBXNativeTarget "CommentCardAppTests" */;
			buildPhases = (
				A6EF400527B282F400ECCE9D /* Sources */,
				A6EF400627B282F400ECCE9D /* Frameworks */,
				A6EF400727B282F400ECCE9D /* Resources */,
			);
			buildRules = (
			);
			dependencies = (
				A6EF400B27B282F400ECCE9D /* PBXTargetDependency */,
			);
			name = CommentCardAppTests;
			productName = CommentCardAppTests;
			productReference = A6EF400927B282F400ECCE9D /* CommentCardAppTests.xctest */;
			productType = "com.apple.product-type.bundle.unit-test";
		};
		A6EF401227B282F400ECCE9D /* CommentCardAppUITests */ = {
			isa = PBXNativeTarget;
			buildConfigurationList = A6EF402327B282F400ECCE9D /* Build configuration list for PBXNativeTarget "CommentCardAppUITests" */;
			buildPhases = (
				A6EF400F27B282F400ECCE9D /* Sources */,
				A6EF401027B282F400ECCE9D /* Frameworks */,
				A6EF401127B282F400ECCE9D /* Resources */,
			);
			buildRules = (
			);
			dependencies = (
				A6EF401527B282F400ECCE9D /* PBXTargetDependency */,
			);
			name = CommentCardAppUITests;
			productName = CommentCardAppUITests;
			productReference = A6EF401327B282F400ECCE9D /* CommentCardAppUITests.xctest */;
			productType = "com.apple.product-type.bundle.ui-testing";
		};
/* End PBXNativeTarget section */

/* Begin PBXProject section */
		A6EF3FF127B282F300ECCE9D /* Project object */ = {
			isa = PBXProject;
			attributes = {
				BuildIndependentTargetsInParallel = 1;
				LastSwiftUpdateCheck = 1320;
				LastUpgradeCheck = 1320;
				TargetAttributes = {
					A6EF3FF827B282F300ECCE9D = {
						CreatedOnToolsVersion = 13.2.1;
					};
					A6EF400827B282F400ECCE9D = {
						CreatedOnToolsVersion = 13.2.1;
						TestTargetID = A6EF3FF827B282F300ECCE9D;
					};
					A6EF401227B282F400ECCE9D = {
						CreatedOnToolsVersion = 13.2.1;
						TestTargetID = A6EF3FF827B282F300ECCE9D;
					};
				};
			};
			buildConfigurationList = A6EF3FF427B282F300ECCE9D /* Build configuration list for PBXProject "CommentCardApp" */;
			compatibilityVersion = "Xcode 13.0";
			developmentRegion = en;
			hasScannedForEncodings = 0;
			knownRegions = (
				en,
				Base,
			);
			mainGroup = A6EF3FF027B282F300ECCE9D;
			productRefGroup = A6EF3FFA27B282F300ECCE9D /* Products */;
			projectDirPath = "";
			projectRoot = "";
			targets = (
				A6EF3FF827B282F300ECCE9D /* CommentCardApp */,
				A6EF400827B282F400ECCE9D /* CommentCardAppTests */,
				A6EF401227B282F400ECCE9D /* CommentCardAppUITests */,
			);
		};
/* End PBXProject section */

/* Begin PBXResourcesBuildPhase section */
		A6EF3FF727B282F300ECCE9D /* Resources */ = {
			isa = PBXResourcesBuildPhase;
			buildActionMask = 2147483647;
			files = (
				A6EF400427B282F400ECCE9D /* Preview Assets.xcassets in Resources */,
				A6EF400127B282F400ECCE9D /* Assets.xcassets in Resources */,
			);
			runOnlyForDeploymentPostprocessing = 0;
		};
		A6EF400727B282F400ECCE9D /* Resources */ = {
			isa = PBXResourcesBuildPhase;
			buildActionMask = 2147483647;
			files = (
			);
			runOnlyForDeploymentPostprocessing = 0;
		};
		A6EF401127B282F400ECCE9D /* Resources */ = {
			isa = PBXResourcesBuildPhase;
			buildActionMask = 2147483647;
			files = (
			);
			runOnlyForDeploymentPostprocessing = 0;
		};
/* End PBXResourcesBuildPhase section */

/* Begin PBXSourcesBuildPhase section */
		A6EF3FF527B282F300ECCE9D /* Sources */ = {
			isa = PBXSourcesBuildPhase;
			buildActionMask = 2147483647;
			files = (
				A6EF3FFF27B282F300ECCE9D /* ContentView.swift in Sources */,
				A6EF402727B285C000ECCE9D /* Options.swift in Sources */,
				A6EF3FFD27B282F300ECCE9D /* CommentCardAppApp.swift in Sources */,
			);
			runOnlyForDeploymentPostprocessing = 0;
		};
		A6EF400527B282F400ECCE9D /* Sources */ = {
			isa = PBXSourcesBuildPhase;
			buildActionMask = 2147483647;
			files = (
				A6EF400E27B282F400ECCE9D /* CommentCardAppTests.swift in Sources */,
			);
			runOnlyForDeploymentPostprocessing = 0;
		};
		A6EF400F27B282F400ECCE9D /* Sources */ = {
			isa = PBXSourcesBuildPhase;
			buildActionMask = 2147483647;
			files = (
				A6EF401A27B282F400ECCE9D /* CommentCardAppUITestsLaunchTests.swift in Sources */,
				A6EF401827B282F400ECCE9D /* CommentCardAppUITests.swift in Sources */,
			);
			runOnlyForDeploymentPostprocessing = 0;
		};
/* End PBXSourcesBuildPhase section */

/* Begin PBXTargetDependency section */
		A6EF400B27B282F400ECCE9D /* PBXTargetDependency */ = {
			isa = PBXTargetDependency;
			target = A6EF3FF827B282F300ECCE9D /* CommentCardApp */;
			targetProxy = A6EF400A27B282F400ECCE9D /* PBXContainerItemProxy */;
		};
		A6EF401527B282F400ECCE9D /* PBXTargetDependency */ = {
			isa = PBXTargetDependency;
			target = A6EF3FF827B282F300ECCE9D /* CommentCardApp */;
			targetProxy = A6EF401427B282F400ECCE9D /* PBXContainerItemProxy */;
		};
/* End PBXTargetDependency section */

/* Begin XCBuildConfiguration section */
		A6EF401B27B282F400ECCE9D /* Debug */ = {
			isa = XCBuildConfiguration;
			buildSettings = {
				ALWAYS_SEARCH_USER_PATHS = NO;
				CLANG_ANALYZER_NONNULL = YES;
				CLANG_ANALYZER_NUMBER_OBJECT_CONVERSION = YES_AGGRESSIVE;
				CLANG_CXX_LANGUAGE_STANDARD = "gnu++17";
				CLANG_CXX_LIBRARY = "libc++";
				CLANG_ENABLE_MODULES = YES;
				CLANG_ENABLE_OBJC_ARC = YES;
				CLANG_ENABLE_OBJC_WEAK = YES;
				CLANG_WARN_BLOCK_CAPTURE_AUTORELEASING = YES;
				CLANG_WARN_BOOL_CONVERSION = YES;
				CLANG_WARN_COMMA = YES;
				CLANG_WARN_CONSTANT_CONVERSION = YES;
				CLANG_WARN_DEPRECATED_OBJC_IMPLEMENTATIONS = YES;
				CLANG_WARN_DIRECT_OBJC_ISA_USAGE = YES_ERROR;
				CLANG_WARN_DOCUMENTATION_COMMENTS = YES;
				CLANG_WARN_EMPTY_BODY = YES;
				CLANG_WARN_ENUM_CONVERSION = YES;
				CLANG_WARN_INFINITE_RECURSION = YES;
				CLANG_WARN_INT_CONVERSION = YES;
				CLANG_WARN_NON_LITERAL_NULL_CONVERSION = YES;
				CLANG_WARN_OBJC_IMPLICIT_RETAIN_SELF = YES;
				CLANG_WARN_OBJC_LITERAL_CONVERSION = YES;
				CLANG_WARN_OBJC_ROOT_CLASS = YES_ERROR;
				CLANG_WARN_QUOTED_INCLUDE_IN_FRAMEWORK_HEADER = YES;
				CLANG_WARN_RANGE_LOOP_ANALYSIS = YES;
				CLANG_WARN_STRICT_PROTOTYPES = YES;
				CLANG_WARN_SUSPICIOUS_MOVE = YES;
				CLANG_WARN_UNGUARDED_AVAILABILITY = YES_AGGRESSIVE;
				CLANG_WARN_UNREACHABLE_CODE = YES;
				CLANG_WARN__DUPLICATE_METHOD_MATCH = YES;
				COPY_PHASE_STRIP = NO;
				DEBUG_INFORMATION_FORMAT = dwarf;
				ENABLE_STRICT_OBJC_MSGSEND = YES;
				ENABLE_TESTABILITY = YES;
				GCC_C_LANGUAGE_STANDARD = gnu11;
				GCC_DYNAMIC_NO_PIC = NO;
				GCC_NO_COMMON_BLOCKS = YES;
				GCC_OPTIMIZATION_LEVEL = 0;
				GCC_PREPROCESSOR_DEFINITIONS = (
					"DEBUG=1",
					"$(inherited)",
				);
				GCC_WARN_64_TO_32_BIT_CONVERSION = YES;
				GCC_WARN_ABOUT_RETURN_TYPE = YES_ERROR;
				GCC_WARN_UNDECLARED_SELECTOR = YES;
				GCC_WARN_UNINITIALIZED_AUTOS = YES_AGGRESSIVE;
				GCC_WARN_UNUSED_FUNCTION = YES;
				GCC_WARN_UNUSED_VARIABLE = YES;
				IPHONEOS_DEPLOYMENT_TARGET = 15.2;
				MTL_ENABLE_DEBUG_INFO = INCLUDE_SOURCE;
				MTL_FAST_MATH = YES;
				ONLY_ACTIVE_ARCH = YES;
				SDKROOT = iphoneos;
				SWIFT_ACTIVE_COMPILATION_CONDITIONS = DEBUG;
				SWIFT_OPTIMIZATION_LEVEL = "-Onone";
			};
			name = Debug;
		};
		A6EF401C27B282F400ECCE9D /* Release */ = {
			isa = XCBuildConfiguration;
			buildSettings = {
				ALWAYS_SEARCH_USER_PATHS = NO;
				CLANG_ANALYZER_NONNULL = YES;
				CLANG_ANALYZER_NUMBER_OBJECT_CONVERSION = YES_AGGRESSIVE;
				CLANG_CXX_LANGUAGE_STANDARD = "gnu++17";
				CLANG_CXX_LIBRARY = "libc++";
				CLANG_ENABLE_MODULES = YES;
				CLANG_ENABLE_OBJC_ARC = YES;
				CLANG_ENABLE_OBJC_WEAK = YES;
				CLANG_WARN_BLOCK_CAPTURE_AUTORELEASING = YES;
				CLANG_WARN_BOOL_CONVERSION = YES;
				CLANG_WARN_COMMA = YES;
				CLANG_WARN_CONSTANT_CONVERSION = YES;
				CLANG_WARN_DEPRECATED_OBJC_IMPLEMENTATIONS = YES;
				CLANG_WARN_DIRECT_OBJC_ISA_USAGE = YES_ERROR;
				CLANG_WARN_DOCUMENTATION_COMMENTS = YES;
				CLANG_WARN_EMPTY_BODY = YES;
				CLANG_WARN_ENUM_CONVERSION = YES;
				CLANG_WARN_INFINITE_RECURSION = YES;
				CLANG_WARN_INT_CONVERSION = YES;
				CLANG_WARN_NON_LITERAL_NULL_CONVERSION = YES;
				CLANG_WARN_OBJC_IMPLICIT_RETAIN_SELF = YES;
				CLANG_WARN_OBJC_LITERAL_CONVERSION = YES;
				CLANG_WARN_OBJC_ROOT_CLASS = YES_ERROR;
				CLANG_WARN_QUOTED_INCLUDE_IN_FRAMEWORK_HEADER = YES;
				CLANG_WARN_RANGE_LOOP_ANALYSIS = YES;
				CLANG_WARN_STRICT_PROTOTYPES = YES;
				CLANG_WARN_SUSPICIOUS_MOVE = YES;
				CLANG_WARN_UNGUARDED_AVAILABILITY = YES_AGGRESSIVE;
				CLANG_WARN_UNREACHABLE_CODE = YES;
				CLANG_WARN__DUPLICATE_METHOD_MATCH = YES;
				COPY_PHASE_STRIP = NO;
				DEBUG_INFORMATION_FORMAT = "dwarf-with-dsym";
				ENABLE_NS_ASSERTIONS = NO;
				ENABLE_STRICT_OBJC_MSGSEND = YES;
				GCC_C_LANGUAGE_STANDARD = gnu11;
				GCC_NO_COMMON_BLOCKS = YES;
				GCC_WARN_64_TO_32_BIT_CONVERSION = YES;
				GCC_WARN_ABOUT_RETURN_TYPE = YES_ERROR;
				GCC_WARN_UNDECLARED_SELECTOR = YES;
				GCC_WARN_UNINITIALIZED_AUTOS = YES_AGGRESSIVE;
				GCC_WARN_UNUSED_FUNCTION = YES;
				GCC_WARN_UNUSED_VARIABLE = YES;
				IPHONEOS_DEPLOYMENT_TARGET = 15.2;
				MTL_ENABLE_DEBUG_INFO = NO;
				MTL_FAST_MATH = YES;
				SDKROOT = iphoneos;
				SWIFT_COMPILATION_MODE = wholemodule;
				SWIFT_OPTIMIZATION_LEVEL = "-O";
				VALIDATE_PRODUCT = YES;
			};
			name = Release;
		};
		A6EF401E27B282F400ECCE9D /* Debug */ = {
			isa = XCBuildConfiguration;
			buildSettings = {
				ASSETCATALOG_COMPILER_APPICON_NAME = AppIcon;
				ASSETCATALOG_COMPILER_GLOBAL_ACCENT_COLOR_NAME = AccentColor;
				CODE_SIGN_STYLE = Automatic;
				CURRENT_PROJECT_VERSION = 1;
				DEVELOPMENT_ASSET_PATHS = "\"CommentCardApp/Preview Content\"";
				DEVELOPMENT_TEAM = 3G63Q3R53S;
				ENABLE_PREVIEWS = YES;
				GENERATE_INFOPLIST_FILE = YES;
				INFOPLIST_KEY_UIApplicationSceneManifest_Generation = YES;
				INFOPLIST_KEY_UIApplicationSupportsIndirectInputEvents = YES;
				INFOPLIST_KEY_UILaunchScreen_Generation = YES;
				INFOPLIST_KEY_UISupportedInterfaceOrientations_iPad = "UIInterfaceOrientationPortrait UIInterfaceOrientationPortraitUpsideDown UIInterfaceOrientationLandscapeLeft UIInterfaceOrientationLandscapeRight";
				INFOPLIST_KEY_UISupportedInterfaceOrientations_iPhone = "UIInterfaceOrientationPortrait UIInterfaceOrientationLandscapeLeft UIInterfaceOrientationLandscapeRight";
				LD_RUNPATH_SEARCH_PATHS = (
					"$(inherited)",
					"@executable_path/Frameworks",
				);
				MARKETING_VERSION = 1.0;
				PRODUCT_BUNDLE_IDENTIFIER = com.KJames999.CommentCardApp;
				PRODUCT_NAME = "$(TARGET_NAME)";
				SWIFT_EMIT_LOC_STRINGS = YES;
				SWIFT_VERSION = 5.0;
				TARGETED_DEVICE_FAMILY = "1,2";
			};
			name = Debug;
		};
		A6EF401F27B282F400ECCE9D /* Release */ = {
			isa = XCBuildConfiguration;
			buildSettings = {
				ASSETCATALOG_COMPILER_APPICON_NAME = AppIcon;
				ASSETCATALOG_COMPILER_GLOBAL_ACCENT_COLOR_NAME = AccentColor;
				CODE_SIGN_STYLE = Automatic;
				CURRENT_PROJECT_VERSION = 1;
				DEVELOPMENT_ASSET_PATHS = "\"CommentCardApp/Preview Content\"";
				DEVELOPMENT_TEAM = 3G63Q3R53S;
				ENABLE_PREVIEWS = YES;
				GENERATE_INFOPLIST_FILE = YES;
				INFOPLIST_KEY_UIApplicationSceneManifest_Generation = YES;
				INFOPLIST_KEY_UIApplicationSupportsIndirectInputEvents = YES;
				INFOPLIST_KEY_UILaunchScreen_Generation = YES;
				INFOPLIST_KEY_UISupportedInterfaceOrientations_iPad = "UIInterfaceOrientationPortrait UIInterfaceOrientationPortraitUpsideDown UIInterfaceOrientationLandscapeLeft UIInterfaceOrientationLandscapeRight";
				INFOPLIST_KEY_UISupportedInterfaceOrientations_iPhone = "UIInterfaceOrientationPortrait UIInterfaceOrientationLandscapeLeft UIInterfaceOrientationLandscapeRight";
				LD_RUNPATH_SEARCH_PATHS = (
					"$(inherited)",
					"@executable_path/Frameworks",
				);
				MARKETING_VERSION = 1.0;
				PRODUCT_BUNDLE_IDENTIFIER = com.KJames999.CommentCardApp;
				PRODUCT_NAME = "$(TARGET_NAME)";
				SWIFT_EMIT_LOC_STRINGS = YES;
				SWIFT_VERSION = 5.0;
				TARGETED_DEVICE_FAMILY = "1,2";
			};
			name = Release;
		};
		A6EF402127B282F400ECCE9D /* Debug */ = {
			isa = XCBuildConfiguration;
			buildSettings = {
				ALWAYS_EMBED_SWIFT_STANDARD_LIBRARIES = YES;
				BUNDLE_LOADER = "$(TEST_HOST)";
				CODE_SIGN_STYLE = Automatic;
				CURRENT_PROJECT_VERSION = 1;
				DEVELOPMENT_TEAM = 3G63Q3R53S;
				GENERATE_INFOPLIST_FILE = YES;
				IPHONEOS_DEPLOYMENT_TARGET = 15.2;
				MARKETING_VERSION = 1.0;
				PRODUCT_BUNDLE_IDENTIFIER = com.KJames999.CommentCardAppTests;
				PRODUCT_NAME = "$(TARGET_NAME)";
				SWIFT_EMIT_LOC_STRINGS = NO;
				SWIFT_VERSION = 5.0;
				TARGETED_DEVICE_FAMILY = "1,2";
				TEST_HOST = "$(BUILT_PRODUCTS_DIR)/CommentCardApp.app/CommentCardApp";
			};
			name = Debug;
		};
		A6EF402227B282F400ECCE9D /* Release */ = {
			isa = XCBuildConfiguration;
			buildSettings = {
				ALWAYS_EMBED_SWIFT_STANDARD_LIBRARIES = YES;
				BUNDLE_LOADER = "$(TEST_HOST)";
				CODE_SIGN_STYLE = Automatic;
				CURRENT_PROJECT_VERSION = 1;
				DEVELOPMENT_TEAM = 3G63Q3R53S;
				GENERATE_INFOPLIST_FILE = YES;
				IPHONEOS_DEPLOYMENT_TARGET = 15.2;
				MARKETING_VERSION = 1.0;
				PRODUCT_BUNDLE_IDENTIFIER = com.KJames999.CommentCardAppTests;
				PRODUCT_NAME = "$(TARGET_NAME)";
				SWIFT_EMIT_LOC_STRINGS = NO;
				SWIFT_VERSION = 5.0;
				TARGETED_DEVICE_FAMILY = "1,2";
				TEST_HOST = "$(BUILT_PRODUCTS_DIR)/CommentCardApp.app/CommentCardApp";
			};
			name = Release;
		};
		A6EF402427B282F400ECCE9D /* Debug */ = {
			isa = XCBuildConfiguration;
			buildSettings = {
				ALWAYS_EMBED_SWIFT_STANDARD_LIBRARIES = YES;
				CODE_SIGN_STYLE = Automatic;
				CURRENT_PROJECT_VERSION = 1;
				DEVELOPMENT_TEAM = 3G63Q3R53S;
				GENERATE_INFOPLIST_FILE = YES;
				MARKETING_VERSION = 1.0;
				PRODUCT_BUNDLE_IDENTIFIER = com.KJames999.CommentCardAppUITests;
				PRODUCT_NAME = "$(TARGET_NAME)";
				SWIFT_EMIT_LOC_STRINGS = NO;
				SWIFT_VERSION = 5.0;
				TARGETED_DEVICE_FAMILY = "1,2";
				TEST_TARGET_NAME = CommentCardApp;
			};
			name = Debug;
		};
		A6EF402527B282F400ECCE9D /* Release */ = {
			isa = XCBuildConfiguration;
			buildSettings = {
				ALWAYS_EMBED_SWIFT_STANDARD_LIBRARIES = YES;
				CODE_SIGN_STYLE = Automatic;
				CURRENT_PROJECT_VERSION = 1;
				DEVELOPMENT_TEAM = 3G63Q3R53S;
				GENERATE_INFOPLIST_FILE = YES;
				MARKETING_VERSION = 1.0;
				PRODUCT_BUNDLE_IDENTIFIER = com.KJames999.CommentCardAppUITests;
				PRODUCT_NAME = "$(TARGET_NAME)";
				SWIFT_EMIT_LOC_STRINGS = NO;
				SWIFT_VERSION = 5.0;
				TARGETED_DEVICE_FAMILY = "1,2";
				TEST_TARGET_NAME = CommentCardApp;
			};
			name = Release;
		};
/* End XCBuildConfiguration section */

/* Begin XCConfigurationList section */
		A6EF3FF427B282F300ECCE9D /* Build configuration list for PBXProject "CommentCardApp" */ = {
			isa = XCConfigurationList;
			buildConfigurations = (
				A6EF401B27B282F400ECCE9D /* Debug */,
				A6EF401C27B282F400ECCE9D /* Release */,
			);
			defaultConfigurationIsVisible = 0;
			defaultConfigurationName = Release;
		};
		A6EF401D27B282F400ECCE9D /* Build configuration list for PBXNativeTarget "CommentCardApp" */ = {
			isa = XCConfigurationList;
			buildConfigurations = (
				A6EF401E27B282F400ECCE9D /* Debug */,
				A6EF401F27B282F400ECCE9D /* Release */,
			);
			defaultConfigurationIsVisible = 0;
			defaultConfigurationName = Release;
		};
		A6EF402027B282F400ECCE9D /* Build configuration list for PBXNativeTarget "CommentCardAppTests" */ = {
			isa = XCConfigurationList;
			buildConfigurations = (
				A6EF402127B282F400ECCE9D /* Debug */,
				A6EF402227B282F400ECCE9D /* Release */,
			);
			defaultConfigurationIsVisible = 0;
			defaultConfigurationName = Release;
		};
		A6EF402327B282F400ECCE9D /* Build configuration list for PBXNativeTarget "CommentCardAppUITests" */ = {
			isa = XCConfigurationList;
			buildConfigurations = (
				A6EF402427B282F400ECCE9D /* Debug */,
				A6EF402527B282F400ECCE9D /* Release */,
			);
			defaultConfigurationIsVisible = 0;
			defaultConfigurationName = Release;
		};
/* End XCConfigurationList section */
	};
	rootObject = A6EF3FF127B282F300ECCE9D /* Project object */;
}
